{
  "lockfileVersion": 1,
  "workspaces": {
    "": {
      "dependencies": {
        "@xmldom/xmldom": "^0.8.11",
      },
    },
  },
  "packages": {
    "@xmldom/xmldom": ["@xmldom/xmldom@0.8.11", "", {}, "sha512-cQzWCtO6C8TQiYl1ruKNn2U6Ao4o4WBBcbL61yJl84x+j5sOWWFU9X7DpND8XZG3daDppSsigMdfAIl2upQBRw=="],
  }
}
